
Microsoft Visual Studio Solution File, Format Version 12.00
# Visual Studio Version 17
VisualStudioVersion = 17.0.32112.339
MinimumVisualStudioVersion = 10.0.40219.1
Project("{FAE04EC0-301F-11D3-BF4B-00C04F79EFBC}") = "StarBucksAnalize", "StarBucksAnalize.csproj", "{6E591DCC-801B-48AF-BF95-8DCD10E693B3}"
EndProject
Project("{FAE04EC0-301F-11D3-BF4B-00C04F79EFBC}") = "StarBucksLibrary", "..\StarBucksLibrary\StarBucksLibrary.csproj", "{231746D7-8791-4D64-9310-734C3ECA980C}"
EndProject
Global
	GlobalSection(SolutionConfigurationPlatforms) = preSolution
		Debug|Any CPU = Debug|Any CPU
		Release|Any CPU = Release|Any CPU
	EndGlobalSection
	GlobalSection(ProjectConfigurationPlatforms) = postSolution
		{6E591DCC-801B-48AF-BF95-8DCD10E693B3}.Debug|Any CPU.ActiveCfg = Debug|Any CPU
		{6E591DCC-801B-48AF-BF95-8DCD10E693B3}.Debug|Any CPU.Build.0 = Debug|Any CPU
		{6E591DCC-801B-48AF-BF95-8DCD10E693B3}.Release|Any CPU.ActiveCfg = Release|Any CPU
		{6E591DCC-801B-48AF-BF95-8DCD10E693B3}.Release|Any CPU.Build.0 = Release|Any CPU
		{231746D7-8791-4D64-9310-734C3ECA980C}.Debug|Any CPU.ActiveCfg = Debug|Any CPU
		{231746D7-8791-4D64-9310-734C3ECA980C}.Debug|Any CPU.Build.0 = Debug|Any CPU
		{231746D7-8791-4D64-9310-734C3ECA980C}.Release|Any CPU.ActiveCfg = Release|Any CPU
		{231746D7-8791-4D64-9310-734C3ECA980C}.Release|Any CPU.Build.0 = Release|Any CPU
	EndGlobalSection
	GlobalSection(SolutionProperties) = preSolution
		HideSolutionNode = FALSE
	EndGlobalSection
	GlobalSection(ExtensibilityGlobals) = postSolution
		SolutionGuid = {12BA943F-6D88-485C-892D-3A7F947C7445}
	EndGlobalSection
EndGlobal
